
Microsoft Visual Studio Solution File, Format Version 12.00
Project("{FAE04EC0-301F-11D3-BF4B-00C04F79EFBC}") = "Unity Analyzer", "Unity Analyzer.csproj", "{4FA458BD-5D28-43C7-8FFB-8722C5CDFD34}"
EndProject
Global
	GlobalSection(SolutionConfigurationPlatforms) = preSolution
		Debug|Any CPU = Debug|Any CPU
		Release|Any CPU = Release|Any CPU
	EndGlobalSection
	GlobalSection(ProjectConfigurationPlatforms) = postSolution
		{4FA458BD-5D28-43C7-8FFB-8722C5CDFD34}.Debug|Any CPU.ActiveCfg = Debug|Any CPU
		{4FA458BD-5D28-43C7-8FFB-8722C5CDFD34}.Debug|Any CPU.Build.0 = Debug|Any CPU
		{4FA458BD-5D28-43C7-8FFB-8722C5CDFD34}.Release|Any CPU.ActiveCfg = Release|Any CPU
		{4FA458BD-5D28-43C7-8FFB-8722C5CDFD34}.Release|Any CPU.Build.0 = Release|Any CPU
	EndGlobalSection
EndGlobal
